
Microsoft Visual Studio Solution File, Format Version 12.00
# Visual Studio 2012
Project("{D954291E-2A0B-460D-934E-DC6B0785DB48}") = "XamarinProficiencyExercise", "XamarinProficiencyExercise\XamarinProficiencyExercise.shproj", "{989C8D46-A61D-4EF5-987B-B66FFB4FAA87}"
EndProject
Project("{FAE04EC0-301F-11D3-BF4B-00C04F79EFBC}") = "XamarinProficiencyExercise.iOS", "iOS\XamarinProficiencyExercise.iOS.csproj", "{AD763C05-1FF6-475B-B2E5-68A048E9A163}"
EndProject
Project("{FAE04EC0-301F-11D3-BF4B-00C04F79EFBC}") = "XamarinProficiencyExercise.Droid", "Droid\XamarinProficiencyExercise.Droid.csproj", "{30B48540-2C29-4B21-875C-983F94244DF3}"
EndProject
Project("{FAE04EC0-301F-11D3-BF4B-00C04F79EFBC}") = "XamarinProficiencyExerciseUnitTests", "XamarinProficiencyExerciseUnitTests\XamarinProficiencyExerciseUnitTests.csproj", "{5E61FEC0-EEDF-4F6C-83F2-76BA5493D949}"
EndProject
Global
	GlobalSection(SolutionConfigurationPlatforms) = preSolution
		Debug|iPhoneSimulator = Debug|iPhoneSimulator
		Release|iPhone = Release|iPhone
		Release|iPhoneSimulator = Release|iPhoneSimulator
		Debug|iPhone = Debug|iPhone
		Debug|Any CPU = Debug|Any CPU
		Release|Any CPU = Release|Any CPU
	EndGlobalSection
	GlobalSection(ProjectConfigurationPlatforms) = postSolution
		{AD763C05-1FF6-475B-B2E5-68A048E9A163}.Debug|iPhoneSimulator.ActiveCfg = Debug|iPhoneSimulator
		{AD763C05-1FF6-475B-B2E5-68A048E9A163}.Debug|iPhoneSimulator.Build.0 = Debug|iPhoneSimulator
		{AD763C05-1FF6-475B-B2E5-68A048E9A163}.Release|iPhone.ActiveCfg = Release|iPhone
		{AD763C05-1FF6-475B-B2E5-68A048E9A163}.Release|iPhone.Build.0 = Release|iPhone
		{AD763C05-1FF6-475B-B2E5-68A048E9A163}.Release|iPhoneSimulator.ActiveCfg = Release|iPhoneSimulator
		{AD763C05-1FF6-475B-B2E5-68A048E9A163}.Release|iPhoneSimulator.Build.0 = Release|iPhoneSimulator
		{AD763C05-1FF6-475B-B2E5-68A048E9A163}.Debug|iPhone.ActiveCfg = Debug|iPhone
		{AD763C05-1FF6-475B-B2E5-68A048E9A163}.Debug|iPhone.Build.0 = Debug|iPhone
		{AD763C05-1FF6-475B-B2E5-68A048E9A163}.Debug|Any CPU.ActiveCfg = Debug|iPhoneSimulator
		{AD763C05-1FF6-475B-B2E5-68A048E9A163}.Debug|Any CPU.Build.0 = Debug|iPhoneSimulator
		{AD763C05-1FF6-475B-B2E5-68A048E9A163}.Release|Any CPU.ActiveCfg = Release|iPhone
		{AD763C05-1FF6-475B-B2E5-68A048E9A163}.Release|Any CPU.Build.0 = Release|iPhone
		{30B48540-2C29-4B21-875C-983F94244DF3}.Debug|iPhoneSimulator.ActiveCfg = Debug|Any CPU
		{30B48540-2C29-4B21-875C-983F94244DF3}.Debug|iPhoneSimulator.Build.0 = Debug|Any CPU
		{30B48540-2C29-4B21-875C-983F94244DF3}.Release|iPhone.ActiveCfg = Release|Any CPU
		{30B48540-2C29-4B21-875C-983F94244DF3}.Release|iPhone.Build.0 = Release|Any CPU
		{30B48540-2C29-4B21-875C-983F94244DF3}.Release|iPhoneSimulator.ActiveCfg = Release|Any CPU
		{30B48540-2C29-4B21-875C-983F94244DF3}.Release|iPhoneSimulator.Build.0 = Release|Any CPU
		{30B48540-2C29-4B21-875C-983F94244DF3}.Debug|iPhone.ActiveCfg = Debug|Any CPU
		{30B48540-2C29-4B21-875C-983F94244DF3}.Debug|iPhone.Build.0 = Debug|Any CPU
		{30B48540-2C29-4B21-875C-983F94244DF3}.Debug|Any CPU.ActiveCfg = Debug|Any CPU
		{30B48540-2C29-4B21-875C-983F94244DF3}.Debug|Any CPU.Build.0 = Debug|Any CPU
		{30B48540-2C29-4B21-875C-983F94244DF3}.Release|Any CPU.ActiveCfg = Release|Any CPU
		{30B48540-2C29-4B21-875C-983F94244DF3}.Release|Any CPU.Build.0 = Release|Any CPU
		{5E61FEC0-EEDF-4F6C-83F2-76BA5493D949}.Debug|iPhoneSimulator.ActiveCfg = Debug|iPhoneSimulator
		{5E61FEC0-EEDF-4F6C-83F2-76BA5493D949}.Debug|iPhoneSimulator.Build.0 = Debug|iPhoneSimulator
		{5E61FEC0-EEDF-4F6C-83F2-76BA5493D949}.Release|iPhone.ActiveCfg = Release|iPhone
		{5E61FEC0-EEDF-4F6C-83F2-76BA5493D949}.Release|iPhone.Build.0 = Release|iPhone
		{5E61FEC0-EEDF-4F6C-83F2-76BA5493D949}.Release|iPhoneSimulator.ActiveCfg = Release|iPhoneSimulator
		{5E61FEC0-EEDF-4F6C-83F2-76BA5493D949}.Release|iPhoneSimulator.Build.0 = Release|iPhoneSimulator
		{5E61FEC0-EEDF-4F6C-83F2-76BA5493D949}.Debug|iPhone.ActiveCfg = Debug|iPhone
		{5E61FEC0-EEDF-4F6C-83F2-76BA5493D949}.Debug|iPhone.Build.0 = Debug|iPhone
		{5E61FEC0-EEDF-4F6C-83F2-76BA5493D949}.Debug|Any CPU.ActiveCfg = Debug|iPhoneSimulator
		{5E61FEC0-EEDF-4F6C-83F2-76BA5493D949}.Debug|Any CPU.Build.0 = Debug|iPhoneSimulator
		{5E61FEC0-EEDF-4F6C-83F2-76BA5493D949}.Release|Any CPU.ActiveCfg = Release|iPhone
		{5E61FEC0-EEDF-4F6C-83F2-76BA5493D949}.Release|Any CPU.Build.0 = Release|iPhone
	EndGlobalSection
EndGlobal
